<?xml version="1.0" encoding="UTF-8" standalone="yes" ?>
<CodeBlocks_project_file>
	<FileVersion major="1" minor="6" />
	<Project>
		<Option title="SDL2_Game" />
		<Option pch_mode="2" />
		<Option compiler="gcc" />
		<Build>
			<Target title="Debug">
				<Option output="bin/Debug/SDL2_Game" prefix_auto="1" extension_auto="1" />
				<Option object_output="obj/Debug/" />
				<Option type="1" />
				<Option compiler="gcc" />
				<Compiler>
					<Add option="-g" />
					<Add directory="../SDL2-2.30.10/x86_64-w64-mingw32/include" />
					<Add directory="../SDL2_image-2.8.8/x86_64-w64-mingw32/include" />
					<Add directory="../SDL2_image-2.8.8/x86_64-w64-mingw32/include/SDL2" />
					<Add directory="source_code/ui" />
					<Add directory="../SDL2_ttf-2.24.0/x86_64-w64-mingw32/include" />
					<Add directory="../SDL2-2.30.10/x86_64-w64-mingw32/include/SDL2" />
				</Compiler>
				<Linker>
					<Add library="mingw32" />
					<Add library="SDL2main" />
					<Add library="SDL2" />
					<Add library="SDL2_image" />
					<Add library="SDL2_ttf" />
					<Add directory="../SDL2-2.30.10/x86_64-w64-mingw32/lib" />
					<Add directory="../SDL2_image-2.8.8/x86_64-w64-mingw32/lib" />
					<Add directory="../SDL2_ttf-2.24.0/x86_64-w64-mingw32/lib" />
					<Add directory="../SDL2-2.30.10/x86_64-w64-mingw32/lib/lib" />
				</Linker>
			</Target>
			<Target title="Release">
				<Option output="bin/Release/SDL2_Game" prefix_auto="1" extension_auto="1" />
				<Option object_output="obj/Release/" />
				<Option type="1" />
				<Option compiler="gcc" />
				<Compiler>
					<Add option="-O2" />
				</Compiler>
				<Linker>
					<Add option="-s" />
				</Linker>
			</Target>
		</Build>
		<Compiler>
			<Add option="-Wall" />
			<Add option="-fexceptions" />
		</Compiler>
		<Unit filename="source_code/main.cpp" />
		<Unit filename="source_code/ui/act.cpp" />
		<Unit filename="source_code/ui/act.h" />
		<Unit filename="source_code/ui/co_che.cpp" />
		<Unit filename="source_code/ui/co_che.h" />
		<Unit filename="source_code/ui/level_menu.cpp" />
		<Unit filename="source_code/ui/loading.cpp" />
		<Unit filename="source_code/ui/loading.h" />
		<Unit filename="source_code/ui/menu.cpp" />
		<Unit filename="source_code/ui/menu.h" />
		<Unit filename="source_code/ui/play.cpp" />
		<Extensions>
			<lib_finder disable_auto="1" />
		</Extensions>
	</Project>
</CodeBlocks_project_file>
